{
  "name": "twitterbot",
  "version": "1.0.0",
  "lockfileVersion": 2,
  "requires": true,
  "packages": {
    "": {
      "name": "twitterbot",
      "version": "1.0.0",
      "license": "ISC",
      "dependencies": {
        "twitter-api-v2": "^1.12.5"
      }
    },
    "node_modules/twitter-api-v2": {
      "version": "1.12.5",
      "resolved": "https://registry.npmjs.org/twitter-api-v2/-/twitter-api-v2-1.12.5.tgz",
      "integrity": "sha512-kgsEjRfm2kdvAgqXd5druYYxykXEXamae6V/TDyYnws0MClcYBlbtOyGn/HPXEfn2NylbQrjDwkCLaD3qkRgMA=="
    }
  },
  "dependencies": {
    "twitter-api-v2": {
      "version": "1.12.5",
      "resolved": "https://registry.npmjs.org/twitter-api-v2/-/twitter-api-v2-1.12.5.tgz",
      "integrity": "sha512-kgsEjRfm2kdvAgqXd5druYYxykXEXamae6V/TDyYnws0MClcYBlbtOyGn/HPXEfn2NylbQrjDwkCLaD3qkRgMA=="
    }
  }
}
